
Microsoft Visual Studio Solution File, Format Version 12.00
# Visual Studio 2012
Project("{FAE04EC0-301F-11D3-BF4B-00C04F79EFBC}") = "FortyTwoGoals", "FortyTwoGoals\FortyTwoGoals.csproj", "{E2ED8F86-B640-4018-941F-0D8902C86522}"
EndProject
Project("{FAE04EC0-301F-11D3-BF4B-00C04F79EFBC}") = "SampleMVCApp", "SampleMVCApp\SampleMVCApp.csproj", "{948B9BCC-E409-449A-B52E-55CF68DA1D74}"
EndProject
Global
	GlobalSection(SolutionConfigurationPlatforms) = preSolution
		Debug|Any CPU = Debug|Any CPU
		Release|Any CPU = Release|Any CPU
	EndGlobalSection
	GlobalSection(ProjectConfigurationPlatforms) = postSolution
		{E2ED8F86-B640-4018-941F-0D8902C86522}.Debug|Any CPU.ActiveCfg = Debug|Any CPU
		{E2ED8F86-B640-4018-941F-0D8902C86522}.Debug|Any CPU.Build.0 = Debug|Any CPU
		{E2ED8F86-B640-4018-941F-0D8902C86522}.Release|Any CPU.ActiveCfg = Release|Any CPU
		{E2ED8F86-B640-4018-941F-0D8902C86522}.Release|Any CPU.Build.0 = Release|Any CPU
		{948B9BCC-E409-449A-B52E-55CF68DA1D74}.Debug|Any CPU.ActiveCfg = Debug|Any CPU
		{948B9BCC-E409-449A-B52E-55CF68DA1D74}.Debug|Any CPU.Build.0 = Debug|Any CPU
		{948B9BCC-E409-449A-B52E-55CF68DA1D74}.Release|Any CPU.ActiveCfg = Release|Any CPU
		{948B9BCC-E409-449A-B52E-55CF68DA1D74}.Release|Any CPU.Build.0 = Release|Any CPU
	EndGlobalSection
	GlobalSection(SolutionProperties) = preSolution
		HideSolutionNode = FALSE
	EndGlobalSection
EndGlobal
